schema: '2.0'
stages:
  data_ingestion:
    cmd: python src/cnnClassifier/pipeline/stage_01_data_ingestion.py
    deps:
    - path: config/config.yaml
      hash: md5
      md5: 5eb35177e2c8930e7a033b605dbd4063
      size: 766
    - path: src/cnnClassifier/pipeline/stage_01_data_ingestion.py
      hash: md5
      md5: deb25b9532e05dc3d97330e4948a95e1
      size: 1021
    outs:
    - path: artifacts/data_ingestion/Chicken-fecal-images
      hash: md5
      md5: 9e1f8dd2eae3c29e9d635df89d438ae4.dir
      size: 12207807
      nfiles: 390
  base_model:
    cmd: python src/cnnClassifier/pipeline/stage_02_base_model.py
    deps:
    - path: config/config.yaml
      hash: md5
      md5: 5eb35177e2c8930e7a033b605dbd4063
      size: 766
    - path: src/cnnClassifier/pipeline/stage_02_base_model.py
      hash: md5
      md5: 86cb540d1ac7896681f23e85b1bf7ea0
      size: 954
    params:
      params.yaml:
        CLASSES: 2
        IMAGE_SIZE:
        - 224
        - 224
        - 3
        INCLUDE_TOP: false
        LEARNING_RATE: 0.01
        WEIGHTS: imagenet
    outs:
    - path: artifacts/base_model
      hash: md5
      md5: 8f9b6339f705fd462027071a95969ea8.dir
      size: 118059248
      nfiles: 2
  training:
    cmd: python src/cnnClassifier/pipeline/stage_03_training.py
    deps:
    - path: artifacts/base_model
      hash: md5
      md5: 8f9b6339f705fd462027071a95969ea8.dir
      size: 118059248
      nfiles: 2
    - path: artifacts/data_ingestion/Chicken-fecal-images
      hash: md5
      md5: 9e1f8dd2eae3c29e9d635df89d438ae4.dir
      size: 12207807
      nfiles: 390
    - path: config/config.yaml
      hash: md5
      md5: 5eb35177e2c8930e7a033b605dbd4063
      size: 766
    - path: src/cnnClassifier/components/callbacks.py
      hash: md5
      md5: 07b3d7c9b816ccb0a0a25e0c4b2c5180
      size: 983
    - path: src/cnnClassifier/pipeline/stage_03_training.py
      hash: md5
      md5: a0d52aa109be6dde7214bb5db45d8bcd
      size: 1237
    params:
      params.yaml:
        AUGMENTATION: true
        BATCH_SIZE: 16
        EPOCHS: 50
        IMAGE_SIZE:
        - 224
        - 224
        - 3
    outs:
    - path: artifacts/training/model.h5
      hash: md5
      md5: 5201ab18940e12375daf4d5fe645e256
      size: 59340720
  evaluation:
    cmd: python src/cnnClassifier/pipeline/stage_04_evaluation.py
    deps:
    - path: artifacts/data_ingestion/Chicken-fecal-images
      hash: md5
      md5: 9e1f8dd2eae3c29e9d635df89d438ae4.dir
      size: 12207807
      nfiles: 390
    - path: artifacts/training/model.h5
      hash: md5
      md5: 5201ab18940e12375daf4d5fe645e256
      size: 59340720
    - path: config/config.yaml
      hash: md5
      md5: 5eb35177e2c8930e7a033b605dbd4063
      size: 766
    - path: src/cnnClassifier/pipeline/stage_04_evaluation.py
      hash: md5
      md5: 905ce26d0496d99766cf9b9938f465f9
      size: 908
    params:
      params.yaml:
        BATCH_SIZE: 16
        IMAGE_SIZE:
        - 224
        - 224
        - 3
    outs:
    - path: scores.json
      hash: md5
      md5: 838a2bb587075fcb6e634f020b0ed610
      size: 73
